hash: 8ca23f808d097ff7f16a14cd1f5315ef807441900daa378db44daba67a298937
updated: 2017-01-23T18:05:49.865501255-05:00
imports:
- name: github.com/fatih/color
  version: 34e4ee095d12986a2cef5ddb9aeb3b8cfcfea17c
- name: github.com/golang/protobuf
  version: 0c1f6d65b5a189c2250d10e71a5506f06f9fa0a0
  subpackages:
  - proto
- name: github.com/google/go-github
  version: a59a35745f99ad92d70d69a9f180767063aa4bf3
  subpackages:
  - github
- name: github.com/google/go-querystring
  version: 9235644dd9e52eeae6fa48efd539fdc351a0af53
  subpackages:
  - query
- name: github.com/hashicorp/hcl
  version: 578dd9746824a54637686b51a41bad457a56bcef
  subpackages:
  - hcl/ast
  - hcl/parser
  - hcl/scanner
  - hcl/strconv
  - hcl/token
  - json/parser
  - json/scanner
  - json/token
- name: github.com/lytics/slackhook
  version: a52fd449b27dcdd75cf069c5d6ac5749653d801a
- name: github.com/rodaine/table
  version: c35ded4ccfec23e952469a4de8edc168e61c8d58
- name: golang.org/x/net
  version: 6050c111928ef9186beb82e4395437607bb24bdb
  subpackages:
  - context
- name: golang.org/x/oauth2
  version: 314dd2c0bf3ebd592ec0d20847d27e79d0dbe8dd
  subpackages:
  - internal
- name: google.golang.org/appengine
  version: a2c54d2174c17540446e0ced57d9d459af61bc1c
  subpackages:
  - internal
  - internal/base
  - internal/datastore
  - internal/log
  - internal/remote_api
  - internal/urlfetch
  - urlfetch
testImports: []
